
Microsoft Visual Studio Solution File, Format Version 12.00
# Visual Studio Version 16
VisualStudioVersion = 16.0.29306.81
MinimumVisualStudioVersion = 10.0.40219.1
Project("{8BC9CEB8-8B4A-11D0-8D11-00A0C91BC942}") = "temp1", "temp1\temp1.vcxproj", "{28A5CC50-F093-4AF9-82AA-B6407B4B91B1}"
EndProject
Global
	GlobalSection(SolutionConfigurationPlatforms) = preSolution
		Debug|x64 = Debug|x64
		Debug|x86 = Debug|x86
		Release|x64 = Release|x64
		Release|x86 = Release|x86
	EndGlobalSection
	GlobalSection(ProjectConfigurationPlatforms) = postSolution
		{28A5CC50-F093-4AF9-82AA-B6407B4B91B1}.Debug|x64.ActiveCfg = Debug|x64
		{28A5CC50-F093-4AF9-82AA-B6407B4B91B1}.Debug|x64.Build.0 = Debug|x64
		{28A5CC50-F093-4AF9-82AA-B6407B4B91B1}.Debug|x86.ActiveCfg = Debug|Win32
		{28A5CC50-F093-4AF9-82AA-B6407B4B91B1}.Debug|x86.Build.0 = Debug|Win32
		{28A5CC50-F093-4AF9-82AA-B6407B4B91B1}.Release|x64.ActiveCfg = Release|x64
		{28A5CC50-F093-4AF9-82AA-B6407B4B91B1}.Release|x64.Build.0 = Release|x64
		{28A5CC50-F093-4AF9-82AA-B6407B4B91B1}.Release|x86.ActiveCfg = Release|Win32
		{28A5CC50-F093-4AF9-82AA-B6407B4B91B1}.Release|x86.Build.0 = Release|Win32
	EndGlobalSection
	GlobalSection(SolutionProperties) = preSolution
		HideSolutionNode = FALSE
	EndGlobalSection
	GlobalSection(ExtensibilityGlobals) = postSolution
		SolutionGuid = {1733B3C6-F90C-407C-BC0D-D8F1CAEBF7CA}
	EndGlobalSection
EndGlobal
