
Microsoft Visual Studio Solution File, Format Version 12.00
# Visual Studio Version 16
VisualStudioVersion = 16.0.29230.47
MinimumVisualStudioVersion = 10.0.40219.1
Project("{8BC9CEB8-8B4A-11D0-8D11-00A0C91BC942}") = "pr16", "pr16\pr16.vcxproj", "{A412B818-897E-42C0-86C9-1C66488AD04A}"
EndProject
Project("{8BC9CEB8-8B4A-11D0-8D11-00A0C91BC942}") = "pr17", "pr17\pr17.vcxproj", "{6EB22679-6528-4518-BD30-41A64B09A89C}"
EndProject
Project("{8BC9CEB8-8B4A-11D0-8D11-00A0C91BC942}") = "pr18", "pr18\pr18.vcxproj", "{8F87CF91-DCAB-4942-953B-0A39601A27B7}"
EndProject
Project("{8BC9CEB8-8B4A-11D0-8D11-00A0C91BC942}") = "pr19", "pr19\pr19.vcxproj", "{5C549343-5CBA-4D21-81FB-ED91A07D9775}"
EndProject
Project("{8BC9CEB8-8B4A-11D0-8D11-00A0C91BC942}") = "pr20", "pr20\pr20.vcxproj", "{CE8B073B-FCD4-411F-9352-5DCE13A2923D}"
EndProject
Project("{8BC9CEB8-8B4A-11D0-8D11-00A0C91BC942}") = "pr21", "pr21\pr21.vcxproj", "{EAC38F10-6ED5-4E1F-A28F-9B39201F706A}"
EndProject
Project("{8BC9CEB8-8B4A-11D0-8D11-00A0C91BC942}") = "pr22", "pr22\pr22.vcxproj", "{CCFE1D96-78CD-478F-A907-EFEB4AF673FD}"
EndProject
Project("{8BC9CEB8-8B4A-11D0-8D11-00A0C91BC942}") = "pr23", "pr23\pr23.vcxproj", "{E42F1B8D-7AC8-4AF4-9A06-BEBDBCAAA2A2}"
EndProject
Project("{8BC9CEB8-8B4A-11D0-8D11-00A0C91BC942}") = "pr24", "pr24\pr24.vcxproj", "{012A73D5-746A-46EF-8C29-1E6FFA0824A4}"
EndProject
Project("{8BC9CEB8-8B4A-11D0-8D11-00A0C91BC942}") = "pr25", "pr25\pr25.vcxproj", "{6E66C36F-923B-45D4-ABC7-1846158501AD}"
EndProject
Project("{8BC9CEB8-8B4A-11D0-8D11-00A0C91BC942}") = "pr26", "pr26\pr26.vcxproj", "{F043D0D6-7511-4907-8F4B-B6676F4AF775}"
EndProject
Global
	GlobalSection(SolutionConfigurationPlatforms) = preSolution
		Debug|x64 = Debug|x64
		Debug|x86 = Debug|x86
		Release|x64 = Release|x64
		Release|x86 = Release|x86
	EndGlobalSection
	GlobalSection(ProjectConfigurationPlatforms) = postSolution
		{A412B818-897E-42C0-86C9-1C66488AD04A}.Debug|x64.ActiveCfg = Debug|x64
		{A412B818-897E-42C0-86C9-1C66488AD04A}.Debug|x64.Build.0 = Debug|x64
		{A412B818-897E-42C0-86C9-1C66488AD04A}.Debug|x86.ActiveCfg = Debug|Win32
		{A412B818-897E-42C0-86C9-1C66488AD04A}.Debug|x86.Build.0 = Debug|Win32
		{A412B818-897E-42C0-86C9-1C66488AD04A}.Release|x64.ActiveCfg = Release|x64
		{A412B818-897E-42C0-86C9-1C66488AD04A}.Release|x64.Build.0 = Release|x64
		{A412B818-897E-42C0-86C9-1C66488AD04A}.Release|x86.ActiveCfg = Release|Win32
		{A412B818-897E-42C0-86C9-1C66488AD04A}.Release|x86.Build.0 = Release|Win32
		{6EB22679-6528-4518-BD30-41A64B09A89C}.Debug|x64.ActiveCfg = Debug|x64
		{6EB22679-6528-4518-BD30-41A64B09A89C}.Debug|x64.Build.0 = Debug|x64
		{6EB22679-6528-4518-BD30-41A64B09A89C}.Debug|x86.ActiveCfg = Debug|Win32
		{6EB22679-6528-4518-BD30-41A64B09A89C}.Debug|x86.Build.0 = Debug|Win32
		{6EB22679-6528-4518-BD30-41A64B09A89C}.Release|x64.ActiveCfg = Release|x64
		{6EB22679-6528-4518-BD30-41A64B09A89C}.Release|x64.Build.0 = Release|x64
		{6EB22679-6528-4518-BD30-41A64B09A89C}.Release|x86.ActiveCfg = Release|Win32
		{6EB22679-6528-4518-BD30-41A64B09A89C}.Release|x86.Build.0 = Release|Win32
		{8F87CF91-DCAB-4942-953B-0A39601A27B7}.Debug|x64.ActiveCfg = Debug|x64
		{8F87CF91-DCAB-4942-953B-0A39601A27B7}.Debug|x64.Build.0 = Debug|x64
		{8F87CF91-DCAB-4942-953B-0A39601A27B7}.Debug|x86.ActiveCfg = Debug|Win32
		{8F87CF91-DCAB-4942-953B-0A39601A27B7}.Debug|x86.Build.0 = Debug|Win32
		{8F87CF91-DCAB-4942-953B-0A39601A27B7}.Release|x64.ActiveCfg = Release|x64
		{8F87CF91-DCAB-4942-953B-0A39601A27B7}.Release|x64.Build.0 = Release|x64
		{8F87CF91-DCAB-4942-953B-0A39601A27B7}.Release|x86.ActiveCfg = Release|Win32
		{8F87CF91-DCAB-4942-953B-0A39601A27B7}.Release|x86.Build.0 = Release|Win32
		{5C549343-5CBA-4D21-81FB-ED91A07D9775}.Debug|x64.ActiveCfg = Debug|x64
		{5C549343-5CBA-4D21-81FB-ED91A07D9775}.Debug|x64.Build.0 = Debug|x64
		{5C549343-5CBA-4D21-81FB-ED91A07D9775}.Debug|x86.ActiveCfg = Debug|Win32
		{5C549343-5CBA-4D21-81FB-ED91A07D9775}.Debug|x86.Build.0 = Debug|Win32
		{5C549343-5CBA-4D21-81FB-ED91A07D9775}.Release|x64.ActiveCfg = Release|x64
		{5C549343-5CBA-4D21-81FB-ED91A07D9775}.Release|x64.Build.0 = Release|x64
		{5C549343-5CBA-4D21-81FB-ED91A07D9775}.Release|x86.ActiveCfg = Release|Win32
		{5C549343-5CBA-4D21-81FB-ED91A07D9775}.Release|x86.Build.0 = Release|Win32
		{CE8B073B-FCD4-411F-9352-5DCE13A2923D}.Debug|x64.ActiveCfg = Debug|x64
		{CE8B073B-FCD4-411F-9352-5DCE13A2923D}.Debug|x64.Build.0 = Debug|x64
		{CE8B073B-FCD4-411F-9352-5DCE13A2923D}.Debug|x86.ActiveCfg = Debug|Win32
		{CE8B073B-FCD4-411F-9352-5DCE13A2923D}.Debug|x86.Build.0 = Debug|Win32
		{CE8B073B-FCD4-411F-9352-5DCE13A2923D}.Release|x64.ActiveCfg = Release|x64
		{CE8B073B-FCD4-411F-9352-5DCE13A2923D}.Release|x64.Build.0 = Release|x64
		{CE8B073B-FCD4-411F-9352-5DCE13A2923D}.Release|x86.ActiveCfg = Release|Win32
		{CE8B073B-FCD4-411F-9352-5DCE13A2923D}.Release|x86.Build.0 = Release|Win32
		{EAC38F10-6ED5-4E1F-A28F-9B39201F706A}.Debug|x64.ActiveCfg = Debug|x64
		{EAC38F10-6ED5-4E1F-A28F-9B39201F706A}.Debug|x64.Build.0 = Debug|x64
		{EAC38F10-6ED5-4E1F-A28F-9B39201F706A}.Debug|x86.ActiveCfg = Debug|Win32
		{EAC38F10-6ED5-4E1F-A28F-9B39201F706A}.Debug|x86.Build.0 = Debug|Win32
		{EAC38F10-6ED5-4E1F-A28F-9B39201F706A}.Release|x64.ActiveCfg = Release|x64
		{EAC38F10-6ED5-4E1F-A28F-9B39201F706A}.Release|x64.Build.0 = Release|x64
		{EAC38F10-6ED5-4E1F-A28F-9B39201F706A}.Release|x86.ActiveCfg = Release|Win32
		{EAC38F10-6ED5-4E1F-A28F-9B39201F706A}.Release|x86.Build.0 = Release|Win32
		{CCFE1D96-78CD-478F-A907-EFEB4AF673FD}.Debug|x64.ActiveCfg = Debug|x64
		{CCFE1D96-78CD-478F-A907-EFEB4AF673FD}.Debug|x64.Build.0 = Debug|x64
		{CCFE1D96-78CD-478F-A907-EFEB4AF673FD}.Debug|x86.ActiveCfg = Debug|Win32
		{CCFE1D96-78CD-478F-A907-EFEB4AF673FD}.Debug|x86.Build.0 = Debug|Win32
		{CCFE1D96-78CD-478F-A907-EFEB4AF673FD}.Release|x64.ActiveCfg = Release|x64
		{CCFE1D96-78CD-478F-A907-EFEB4AF673FD}.Release|x64.Build.0 = Release|x64
		{CCFE1D96-78CD-478F-A907-EFEB4AF673FD}.Release|x86.ActiveCfg = Release|Win32
		{CCFE1D96-78CD-478F-A907-EFEB4AF673FD}.Release|x86.Build.0 = Release|Win32
		{E42F1B8D-7AC8-4AF4-9A06-BEBDBCAAA2A2}.Debug|x64.ActiveCfg = Debug|x64
		{E42F1B8D-7AC8-4AF4-9A06-BEBDBCAAA2A2}.Debug|x64.Build.0 = Debug|x64
		{E42F1B8D-7AC8-4AF4-9A06-BEBDBCAAA2A2}.Debug|x86.ActiveCfg = Debug|Win32
		{E42F1B8D-7AC8-4AF4-9A06-BEBDBCAAA2A2}.Debug|x86.Build.0 = Debug|Win32
		{E42F1B8D-7AC8-4AF4-9A06-BEBDBCAAA2A2}.Release|x64.ActiveCfg = Release|x64
		{E42F1B8D-7AC8-4AF4-9A06-BEBDBCAAA2A2}.Release|x64.Build.0 = Release|x64
		{E42F1B8D-7AC8-4AF4-9A06-BEBDBCAAA2A2}.Release|x86.ActiveCfg = Release|Win32
		{E42F1B8D-7AC8-4AF4-9A06-BEBDBCAAA2A2}.Release|x86.Build.0 = Release|Win32
		{012A73D5-746A-46EF-8C29-1E6FFA0824A4}.Debug|x64.ActiveCfg = Debug|x64
		{012A73D5-746A-46EF-8C29-1E6FFA0824A4}.Debug|x64.Build.0 = Debug|x64
		{012A73D5-746A-46EF-8C29-1E6FFA0824A4}.Debug|x86.ActiveCfg = Debug|Win32
		{012A73D5-746A-46EF-8C29-1E6FFA0824A4}.Debug|x86.Build.0 = Debug|Win32
		{012A73D5-746A-46EF-8C29-1E6FFA0824A4}.Release|x64.ActiveCfg = Release|x64
		{012A73D5-746A-46EF-8C29-1E6FFA0824A4}.Release|x64.Build.0 = Release|x64
		{012A73D5-746A-46EF-8C29-1E6FFA0824A4}.Release|x86.ActiveCfg = Release|Win32
		{012A73D5-746A-46EF-8C29-1E6FFA0824A4}.Release|x86.Build.0 = Release|Win32
		{6E66C36F-923B-45D4-ABC7-1846158501AD}.Debug|x64.ActiveCfg = Debug|x64
		{6E66C36F-923B-45D4-ABC7-1846158501AD}.Debug|x64.Build.0 = Debug|x64
		{6E66C36F-923B-45D4-ABC7-1846158501AD}.Debug|x86.ActiveCfg = Debug|Win32
		{6E66C36F-923B-45D4-ABC7-1846158501AD}.Debug|x86.Build.0 = Debug|Win32
		{6E66C36F-923B-45D4-ABC7-1846158501AD}.Release|x64.ActiveCfg = Release|x64
		{6E66C36F-923B-45D4-ABC7-1846158501AD}.Release|x64.Build.0 = Release|x64
		{6E66C36F-923B-45D4-ABC7-1846158501AD}.Release|x86.ActiveCfg = Release|Win32
		{6E66C36F-923B-45D4-ABC7-1846158501AD}.Release|x86.Build.0 = Release|Win32
		{F043D0D6-7511-4907-8F4B-B6676F4AF775}.Debug|x64.ActiveCfg = Debug|x64
		{F043D0D6-7511-4907-8F4B-B6676F4AF775}.Debug|x64.Build.0 = Debug|x64
		{F043D0D6-7511-4907-8F4B-B6676F4AF775}.Debug|x86.ActiveCfg = Debug|Win32
		{F043D0D6-7511-4907-8F4B-B6676F4AF775}.Debug|x86.Build.0 = Debug|Win32
		{F043D0D6-7511-4907-8F4B-B6676F4AF775}.Release|x64.ActiveCfg = Release|x64
		{F043D0D6-7511-4907-8F4B-B6676F4AF775}.Release|x64.Build.0 = Release|x64
		{F043D0D6-7511-4907-8F4B-B6676F4AF775}.Release|x86.ActiveCfg = Release|Win32
		{F043D0D6-7511-4907-8F4B-B6676F4AF775}.Release|x86.Build.0 = Release|Win32
	EndGlobalSection
	GlobalSection(SolutionProperties) = preSolution
		HideSolutionNode = FALSE
	EndGlobalSection
	GlobalSection(ExtensibilityGlobals) = postSolution
		SolutionGuid = {CC33D571-5FBE-4E73-A90B-CDABBB47EC9D}
	EndGlobalSection
EndGlobal
