
Microsoft Visual Studio Solution File, Format Version 12.00
# Visual Studio Version 16
VisualStudioVersion = 16.0.29230.47
MinimumVisualStudioVersion = 10.0.40219.1
Project("{8BC9CEB8-8B4A-11D0-8D11-00A0C91BC942}") = "pr1", "pr1\pr1.vcxproj", "{66595487-61BD-449B-BB13-78761B7B2E45}"
EndProject
Project("{8BC9CEB8-8B4A-11D0-8D11-00A0C91BC942}") = "pr2", "pr2\pr2.vcxproj", "{2FD91082-E164-4663-9A98-FED671C47A03}"
EndProject
Project("{8BC9CEB8-8B4A-11D0-8D11-00A0C91BC942}") = "pr3", "pr3\pr3.vcxproj", "{C40851A8-69F7-4FD1-B28C-D80D3C2E6BAB}"
EndProject
Project("{8BC9CEB8-8B4A-11D0-8D11-00A0C91BC942}") = "pr4", "pr4\pr4.vcxproj", "{83353D26-61A2-4FA4-9FDC-72A7E0A154D7}"
EndProject
Project("{8BC9CEB8-8B4A-11D0-8D11-00A0C91BC942}") = "pr5", "pr5\pr5.vcxproj", "{ED84934A-92AC-4CF0-87C1-51FF6A6F3A73}"
EndProject
Project("{8BC9CEB8-8B4A-11D0-8D11-00A0C91BC942}") = "pr6", "pr6\pr6.vcxproj", "{E69081C6-FBB3-4C25-AA0A-813330ED35C1}"
EndProject
Project("{8BC9CEB8-8B4A-11D0-8D11-00A0C91BC942}") = "pr7", "pr7\pr7.vcxproj", "{0BEDBD7C-7912-44CB-B0B6-4B553024DAC6}"
EndProject
Project("{8BC9CEB8-8B4A-11D0-8D11-00A0C91BC942}") = "pr8", "pr8\pr8.vcxproj", "{659CBD0B-485E-412D-B1BE-E00D5F5C6E4F}"
EndProject
Project("{8BC9CEB8-8B4A-11D0-8D11-00A0C91BC942}") = "pr9", "pr9\pr9.vcxproj", "{E229B60B-93B2-4956-8C34-D9B93E8C514A}"
EndProject
Project("{8BC9CEB8-8B4A-11D0-8D11-00A0C91BC942}") = "pr10", "pr10\pr10.vcxproj", "{6FC2C6D3-FC33-45FA-AA1D-126E0C294F1B}"
EndProject
Project("{8BC9CEB8-8B4A-11D0-8D11-00A0C91BC942}") = "pr11", "pr11\pr11.vcxproj", "{632AE2BF-B168-4931-A450-0C1A028C2A2D}"
EndProject
Project("{8BC9CEB8-8B4A-11D0-8D11-00A0C91BC942}") = "pr12", "pr12\pr12.vcxproj", "{20428CA2-4937-4938-B024-F8F1963E210B}"
EndProject
Project("{8BC9CEB8-8B4A-11D0-8D11-00A0C91BC942}") = "pr13", "pr13\pr13.vcxproj", "{41DCCAB3-6EBE-4C1B-BA37-56DF66B34D04}"
EndProject
Project("{8BC9CEB8-8B4A-11D0-8D11-00A0C91BC942}") = "pr14", "pr14\pr14.vcxproj", "{CD4CC59F-F107-430F-8A2A-57B287829B5E}"
EndProject
Project("{8BC9CEB8-8B4A-11D0-8D11-00A0C91BC942}") = "pr15", "pr15\pr15.vcxproj", "{C0F81428-2FEC-4AEA-B531-E18C6EA7EE9F}"
EndProject
Global
	GlobalSection(SolutionConfigurationPlatforms) = preSolution
		Debug|x64 = Debug|x64
		Debug|x86 = Debug|x86
		Release|x64 = Release|x64
		Release|x86 = Release|x86
	EndGlobalSection
	GlobalSection(ProjectConfigurationPlatforms) = postSolution
		{66595487-61BD-449B-BB13-78761B7B2E45}.Debug|x64.ActiveCfg = Debug|x64
		{66595487-61BD-449B-BB13-78761B7B2E45}.Debug|x64.Build.0 = Debug|x64
		{66595487-61BD-449B-BB13-78761B7B2E45}.Debug|x86.ActiveCfg = Debug|Win32
		{66595487-61BD-449B-BB13-78761B7B2E45}.Debug|x86.Build.0 = Debug|Win32
		{66595487-61BD-449B-BB13-78761B7B2E45}.Release|x64.ActiveCfg = Release|x64
		{66595487-61BD-449B-BB13-78761B7B2E45}.Release|x64.Build.0 = Release|x64
		{66595487-61BD-449B-BB13-78761B7B2E45}.Release|x86.ActiveCfg = Release|Win32
		{66595487-61BD-449B-BB13-78761B7B2E45}.Release|x86.Build.0 = Release|Win32
		{2FD91082-E164-4663-9A98-FED671C47A03}.Debug|x64.ActiveCfg = Debug|x64
		{2FD91082-E164-4663-9A98-FED671C47A03}.Debug|x64.Build.0 = Debug|x64
		{2FD91082-E164-4663-9A98-FED671C47A03}.Debug|x86.ActiveCfg = Debug|Win32
		{2FD91082-E164-4663-9A98-FED671C47A03}.Debug|x86.Build.0 = Debug|Win32
		{2FD91082-E164-4663-9A98-FED671C47A03}.Release|x64.ActiveCfg = Release|x64
		{2FD91082-E164-4663-9A98-FED671C47A03}.Release|x64.Build.0 = Release|x64
		{2FD91082-E164-4663-9A98-FED671C47A03}.Release|x86.ActiveCfg = Release|Win32
		{2FD91082-E164-4663-9A98-FED671C47A03}.Release|x86.Build.0 = Release|Win32
		{C40851A8-69F7-4FD1-B28C-D80D3C2E6BAB}.Debug|x64.ActiveCfg = Debug|x64
		{C40851A8-69F7-4FD1-B28C-D80D3C2E6BAB}.Debug|x64.Build.0 = Debug|x64
		{C40851A8-69F7-4FD1-B28C-D80D3C2E6BAB}.Debug|x86.ActiveCfg = Debug|Win32
		{C40851A8-69F7-4FD1-B28C-D80D3C2E6BAB}.Debug|x86.Build.0 = Debug|Win32
		{C40851A8-69F7-4FD1-B28C-D80D3C2E6BAB}.Release|x64.ActiveCfg = Release|x64
		{C40851A8-69F7-4FD1-B28C-D80D3C2E6BAB}.Release|x64.Build.0 = Release|x64
		{C40851A8-69F7-4FD1-B28C-D80D3C2E6BAB}.Release|x86.ActiveCfg = Release|Win32
		{C40851A8-69F7-4FD1-B28C-D80D3C2E6BAB}.Release|x86.Build.0 = Release|Win32
		{83353D26-61A2-4FA4-9FDC-72A7E0A154D7}.Debug|x64.ActiveCfg = Debug|x64
		{83353D26-61A2-4FA4-9FDC-72A7E0A154D7}.Debug|x64.Build.0 = Debug|x64
		{83353D26-61A2-4FA4-9FDC-72A7E0A154D7}.Debug|x86.ActiveCfg = Debug|Win32
		{83353D26-61A2-4FA4-9FDC-72A7E0A154D7}.Debug|x86.Build.0 = Debug|Win32
		{83353D26-61A2-4FA4-9FDC-72A7E0A154D7}.Release|x64.ActiveCfg = Release|x64
		{83353D26-61A2-4FA4-9FDC-72A7E0A154D7}.Release|x64.Build.0 = Release|x64
		{83353D26-61A2-4FA4-9FDC-72A7E0A154D7}.Release|x86.ActiveCfg = Release|Win32
		{83353D26-61A2-4FA4-9FDC-72A7E0A154D7}.Release|x86.Build.0 = Release|Win32
		{ED84934A-92AC-4CF0-87C1-51FF6A6F3A73}.Debug|x64.ActiveCfg = Debug|x64
		{ED84934A-92AC-4CF0-87C1-51FF6A6F3A73}.Debug|x64.Build.0 = Debug|x64
		{ED84934A-92AC-4CF0-87C1-51FF6A6F3A73}.Debug|x86.ActiveCfg = Debug|Win32
		{ED84934A-92AC-4CF0-87C1-51FF6A6F3A73}.Debug|x86.Build.0 = Debug|Win32
		{ED84934A-92AC-4CF0-87C1-51FF6A6F3A73}.Release|x64.ActiveCfg = Release|x64
		{ED84934A-92AC-4CF0-87C1-51FF6A6F3A73}.Release|x64.Build.0 = Release|x64
		{ED84934A-92AC-4CF0-87C1-51FF6A6F3A73}.Release|x86.ActiveCfg = Release|Win32
		{ED84934A-92AC-4CF0-87C1-51FF6A6F3A73}.Release|x86.Build.0 = Release|Win32
		{E69081C6-FBB3-4C25-AA0A-813330ED35C1}.Debug|x64.ActiveCfg = Debug|x64
		{E69081C6-FBB3-4C25-AA0A-813330ED35C1}.Debug|x64.Build.0 = Debug|x64
		{E69081C6-FBB3-4C25-AA0A-813330ED35C1}.Debug|x86.ActiveCfg = Debug|Win32
		{E69081C6-FBB3-4C25-AA0A-813330ED35C1}.Debug|x86.Build.0 = Debug|Win32
		{E69081C6-FBB3-4C25-AA0A-813330ED35C1}.Release|x64.ActiveCfg = Release|x64
		{E69081C6-FBB3-4C25-AA0A-813330ED35C1}.Release|x64.Build.0 = Release|x64
		{E69081C6-FBB3-4C25-AA0A-813330ED35C1}.Release|x86.ActiveCfg = Release|Win32
		{E69081C6-FBB3-4C25-AA0A-813330ED35C1}.Release|x86.Build.0 = Release|Win32
		{0BEDBD7C-7912-44CB-B0B6-4B553024DAC6}.Debug|x64.ActiveCfg = Debug|x64
		{0BEDBD7C-7912-44CB-B0B6-4B553024DAC6}.Debug|x64.Build.0 = Debug|x64
		{0BEDBD7C-7912-44CB-B0B6-4B553024DAC6}.Debug|x86.ActiveCfg = Debug|Win32
		{0BEDBD7C-7912-44CB-B0B6-4B553024DAC6}.Debug|x86.Build.0 = Debug|Win32
		{0BEDBD7C-7912-44CB-B0B6-4B553024DAC6}.Release|x64.ActiveCfg = Release|x64
		{0BEDBD7C-7912-44CB-B0B6-4B553024DAC6}.Release|x64.Build.0 = Release|x64
		{0BEDBD7C-7912-44CB-B0B6-4B553024DAC6}.Release|x86.ActiveCfg = Release|Win32
		{0BEDBD7C-7912-44CB-B0B6-4B553024DAC6}.Release|x86.Build.0 = Release|Win32
		{659CBD0B-485E-412D-B1BE-E00D5F5C6E4F}.Debug|x64.ActiveCfg = Debug|x64
		{659CBD0B-485E-412D-B1BE-E00D5F5C6E4F}.Debug|x64.Build.0 = Debug|x64
		{659CBD0B-485E-412D-B1BE-E00D5F5C6E4F}.Debug|x86.ActiveCfg = Debug|Win32
		{659CBD0B-485E-412D-B1BE-E00D5F5C6E4F}.Debug|x86.Build.0 = Debug|Win32
		{659CBD0B-485E-412D-B1BE-E00D5F5C6E4F}.Release|x64.ActiveCfg = Release|x64
		{659CBD0B-485E-412D-B1BE-E00D5F5C6E4F}.Release|x64.Build.0 = Release|x64
		{659CBD0B-485E-412D-B1BE-E00D5F5C6E4F}.Release|x86.ActiveCfg = Release|Win32
		{659CBD0B-485E-412D-B1BE-E00D5F5C6E4F}.Release|x86.Build.0 = Release|Win32
		{E229B60B-93B2-4956-8C34-D9B93E8C514A}.Debug|x64.ActiveCfg = Debug|x64
		{E229B60B-93B2-4956-8C34-D9B93E8C514A}.Debug|x64.Build.0 = Debug|x64
		{E229B60B-93B2-4956-8C34-D9B93E8C514A}.Debug|x86.ActiveCfg = Debug|Win32
		{E229B60B-93B2-4956-8C34-D9B93E8C514A}.Debug|x86.Build.0 = Debug|Win32
		{E229B60B-93B2-4956-8C34-D9B93E8C514A}.Release|x64.ActiveCfg = Release|x64
		{E229B60B-93B2-4956-8C34-D9B93E8C514A}.Release|x64.Build.0 = Release|x64
		{E229B60B-93B2-4956-8C34-D9B93E8C514A}.Release|x86.ActiveCfg = Release|Win32
		{E229B60B-93B2-4956-8C34-D9B93E8C514A}.Release|x86.Build.0 = Release|Win32
		{6FC2C6D3-FC33-45FA-AA1D-126E0C294F1B}.Debug|x64.ActiveCfg = Debug|x64
		{6FC2C6D3-FC33-45FA-AA1D-126E0C294F1B}.Debug|x64.Build.0 = Debug|x64
		{6FC2C6D3-FC33-45FA-AA1D-126E0C294F1B}.Debug|x86.ActiveCfg = Debug|Win32
		{6FC2C6D3-FC33-45FA-AA1D-126E0C294F1B}.Debug|x86.Build.0 = Debug|Win32
		{6FC2C6D3-FC33-45FA-AA1D-126E0C294F1B}.Release|x64.ActiveCfg = Release|x64
		{6FC2C6D3-FC33-45FA-AA1D-126E0C294F1B}.Release|x64.Build.0 = Release|x64
		{6FC2C6D3-FC33-45FA-AA1D-126E0C294F1B}.Release|x86.ActiveCfg = Release|Win32
		{6FC2C6D3-FC33-45FA-AA1D-126E0C294F1B}.Release|x86.Build.0 = Release|Win32
		{632AE2BF-B168-4931-A450-0C1A028C2A2D}.Debug|x64.ActiveCfg = Debug|x64
		{632AE2BF-B168-4931-A450-0C1A028C2A2D}.Debug|x64.Build.0 = Debug|x64
		{632AE2BF-B168-4931-A450-0C1A028C2A2D}.Debug|x86.ActiveCfg = Debug|Win32
		{632AE2BF-B168-4931-A450-0C1A028C2A2D}.Debug|x86.Build.0 = Debug|Win32
		{632AE2BF-B168-4931-A450-0C1A028C2A2D}.Release|x64.ActiveCfg = Release|x64
		{632AE2BF-B168-4931-A450-0C1A028C2A2D}.Release|x64.Build.0 = Release|x64
		{632AE2BF-B168-4931-A450-0C1A028C2A2D}.Release|x86.ActiveCfg = Release|Win32
		{632AE2BF-B168-4931-A450-0C1A028C2A2D}.Release|x86.Build.0 = Release|Win32
		{20428CA2-4937-4938-B024-F8F1963E210B}.Debug|x64.ActiveCfg = Debug|x64
		{20428CA2-4937-4938-B024-F8F1963E210B}.Debug|x64.Build.0 = Debug|x64
		{20428CA2-4937-4938-B024-F8F1963E210B}.Debug|x86.ActiveCfg = Debug|Win32
		{20428CA2-4937-4938-B024-F8F1963E210B}.Debug|x86.Build.0 = Debug|Win32
		{20428CA2-4937-4938-B024-F8F1963E210B}.Release|x64.ActiveCfg = Release|x64
		{20428CA2-4937-4938-B024-F8F1963E210B}.Release|x64.Build.0 = Release|x64
		{20428CA2-4937-4938-B024-F8F1963E210B}.Release|x86.ActiveCfg = Release|Win32
		{20428CA2-4937-4938-B024-F8F1963E210B}.Release|x86.Build.0 = Release|Win32
		{41DCCAB3-6EBE-4C1B-BA37-56DF66B34D04}.Debug|x64.ActiveCfg = Debug|x64
		{41DCCAB3-6EBE-4C1B-BA37-56DF66B34D04}.Debug|x64.Build.0 = Debug|x64
		{41DCCAB3-6EBE-4C1B-BA37-56DF66B34D04}.Debug|x86.ActiveCfg = Debug|Win32
		{41DCCAB3-6EBE-4C1B-BA37-56DF66B34D04}.Debug|x86.Build.0 = Debug|Win32
		{41DCCAB3-6EBE-4C1B-BA37-56DF66B34D04}.Release|x64.ActiveCfg = Release|x64
		{41DCCAB3-6EBE-4C1B-BA37-56DF66B34D04}.Release|x64.Build.0 = Release|x64
		{41DCCAB3-6EBE-4C1B-BA37-56DF66B34D04}.Release|x86.ActiveCfg = Release|Win32
		{41DCCAB3-6EBE-4C1B-BA37-56DF66B34D04}.Release|x86.Build.0 = Release|Win32
		{CD4CC59F-F107-430F-8A2A-57B287829B5E}.Debug|x64.ActiveCfg = Debug|x64
		{CD4CC59F-F107-430F-8A2A-57B287829B5E}.Debug|x64.Build.0 = Debug|x64
		{CD4CC59F-F107-430F-8A2A-57B287829B5E}.Debug|x86.ActiveCfg = Debug|Win32
		{CD4CC59F-F107-430F-8A2A-57B287829B5E}.Debug|x86.Build.0 = Debug|Win32
		{CD4CC59F-F107-430F-8A2A-57B287829B5E}.Release|x64.ActiveCfg = Release|x64
		{CD4CC59F-F107-430F-8A2A-57B287829B5E}.Release|x64.Build.0 = Release|x64
		{CD4CC59F-F107-430F-8A2A-57B287829B5E}.Release|x86.ActiveCfg = Release|Win32
		{CD4CC59F-F107-430F-8A2A-57B287829B5E}.Release|x86.Build.0 = Release|Win32
		{C0F81428-2FEC-4AEA-B531-E18C6EA7EE9F}.Debug|x64.ActiveCfg = Debug|x64
		{C0F81428-2FEC-4AEA-B531-E18C6EA7EE9F}.Debug|x64.Build.0 = Debug|x64
		{C0F81428-2FEC-4AEA-B531-E18C6EA7EE9F}.Debug|x86.ActiveCfg = Debug|Win32
		{C0F81428-2FEC-4AEA-B531-E18C6EA7EE9F}.Debug|x86.Build.0 = Debug|Win32
		{C0F81428-2FEC-4AEA-B531-E18C6EA7EE9F}.Release|x64.ActiveCfg = Release|x64
		{C0F81428-2FEC-4AEA-B531-E18C6EA7EE9F}.Release|x64.Build.0 = Release|x64
		{C0F81428-2FEC-4AEA-B531-E18C6EA7EE9F}.Release|x86.ActiveCfg = Release|Win32
		{C0F81428-2FEC-4AEA-B531-E18C6EA7EE9F}.Release|x86.Build.0 = Release|Win32
	EndGlobalSection
	GlobalSection(SolutionProperties) = preSolution
		HideSolutionNode = FALSE
	EndGlobalSection
	GlobalSection(ExtensibilityGlobals) = postSolution
		SolutionGuid = {4C7FE066-1787-47FF-B91E-26909CBFB174}
	EndGlobalSection
EndGlobal
