<?xml version="1.0" encoding="utf-8"?>
<Project ToolsVersion="4.0" xmlns="http://schemas.microsoft.com/developer/msbuild/2003">
  <ItemGroup>
    <Filter Include="Исходные файлы">
      <UniqueIdentifier>{4FC737F1-C7A5-4376-A066-2A32D752A2FF}</UniqueIdentifier>
      <Extensions>cpp;c;cc;cxx;def;odl;idl;hpj;bat;asm;asmx</Extensions>
    </Filter>
    <Filter Include="Файлы заголовков">
      <UniqueIdentifier>{93995380-89BD-4b04-88EB-625FBE52EBFB}</UniqueIdentifier>
      <Extensions>h;hh;hpp;hxx;hm;inl;inc;ipp;xsd</Extensions>
    </Filter>
    <Filter Include="Файлы ресурсов">
      <UniqueIdentifier>{67DA6AB6-F800-4c08-8B7A-83BB121AAD01}</UniqueIdentifier>
      <Extensions>rc;ico;cur;bmp;dlg;rc2;rct;bin;rgs;gif;jpg;jpeg;jpe;resx;tiff;tif;png;wav;mfcribbon-ms</Extensions>
    </Filter>
  </ItemGroup>
  <ItemGroup>
    <ClCompile Include="Support_class.cpp">
      <Filter>Исходные файлы</Filter>
    </ClCompile>
    <ClCompile Include="AXIS2_PLACEMENT_3D.cpp">
      <Filter>Исходные файлы</Filter>
    </ClCompile>
    <ClCompile Include="CLOSED_SHELL.cpp">
      <Filter>Исходные файлы</Filter>
    </ClCompile>
    <ClCompile Include="ADVANCED_FACE.cpp">
      <Filter>Исходные файлы</Filter>
    </ClCompile>
    <ClCompile Include="CONICAL_SURFACE.cpp">
      <Filter>Исходные файлы</Filter>
    </ClCompile>
    <ClCompile Include="B_SPLINE_SURFACE.cpp">
      <Filter>Исходные файлы</Filter>
    </ClCompile>
    <ClCompile Include="File_handler.cpp">
      <Filter>Исходные файлы</Filter>
    </ClCompile>
    <ClCompile Include="TOROIDAL_SURFACE.cpp">
      <Filter>Исходные файлы</Filter>
    </ClCompile>
    <ClCompile Include="CYLINDRICAL_SURFACE.cpp">
      <Filter>Исходные файлы</Filter>
    </ClCompile>
    <ClCompile Include="SPHERICAL_SURFACE.cpp">
      <Filter>Исходные файлы</Filter>
    </ClCompile>
    <ClCompile Include="main.cpp">
      <Filter>Исходные файлы</Filter>
    </ClCompile>
  </ItemGroup>
  <ItemGroup>
    <ClInclude Include="AXIS2_PLACEMENT_3D.h">
      <Filter>Файлы заголовков</Filter>
    </ClInclude>
    <ClInclude Include="Support_class.h">
      <Filter>Файлы заголовков</Filter>
    </ClInclude>
    <ClInclude Include="CLOSED_SHELL.h">
      <Filter>Файлы заголовков</Filter>
    </ClInclude>
    <ClInclude Include="ADVANCED_FACE.h">
      <Filter>Файлы заголовков</Filter>
    </ClInclude>
    <ClInclude Include="CONICAL_SURFACE.h">
      <Filter>Файлы заголовков</Filter>
    </ClInclude>
    <ClInclude Include="B_SPLINE_SURFACE.h">
      <Filter>Файлы заголовков</Filter>
    </ClInclude>
    <ClInclude Include="File_handler.h">
      <Filter>Файлы заголовков</Filter>
    </ClInclude>
    <ClInclude Include="TOROIDAL_SURFACE.h">
      <Filter>Файлы заголовков</Filter>
    </ClInclude>
    <ClInclude Include="CYLINDRICAL_SURFACE.h">
      <Filter>Файлы заголовков</Filter>
    </ClInclude>
    <ClInclude Include="SPHERICAL_SURFACE.h">
      <Filter>Файлы заголовков</Filter>
    </ClInclude>
  </ItemGroup>
</Project>